
Microsoft Visual Studio Solution File, Format Version 12.00
# Visual Studio 14
VisualStudioVersion = 14.0.23107.0
MinimumVisualStudioVersion = 10.0.40219.1
Project("{FAE04EC0-301F-11D3-BF4B-00C04F79EFBC}") = "Portfolio", "Portfolio\Portfolio.csproj", "{98E3DBE7-A53E-47E4-941F-48DD6F31ABA8}"
EndProject
Project("{FAE04EC0-301F-11D3-BF4B-00C04F79EFBC}") = "PortfolioLib", "PortfolioLib\PortfolioLib.csproj", "{18E42677-CDCE-415D-B9CA-8C5C65EE5E91}"
EndProject
Global
	GlobalSection(SolutionConfigurationPlatforms) = preSolution
		Debug|Any CPU = Debug|Any CPU
		Release|Any CPU = Release|Any CPU
	EndGlobalSection
	GlobalSection(ProjectConfigurationPlatforms) = postSolution
		{98E3DBE7-A53E-47E4-941F-48DD6F31ABA8}.Debug|Any CPU.ActiveCfg = Debug|Any CPU
		{98E3DBE7-A53E-47E4-941F-48DD6F31ABA8}.Debug|Any CPU.Build.0 = Debug|Any CPU
		{98E3DBE7-A53E-47E4-941F-48DD6F31ABA8}.Release|Any CPU.ActiveCfg = Release|Any CPU
		{98E3DBE7-A53E-47E4-941F-48DD6F31ABA8}.Release|Any CPU.Build.0 = Release|Any CPU
		{18E42677-CDCE-415D-B9CA-8C5C65EE5E91}.Debug|Any CPU.ActiveCfg = Debug|Any CPU
		{18E42677-CDCE-415D-B9CA-8C5C65EE5E91}.Debug|Any CPU.Build.0 = Debug|Any CPU
		{18E42677-CDCE-415D-B9CA-8C5C65EE5E91}.Release|Any CPU.ActiveCfg = Release|Any CPU
		{18E42677-CDCE-415D-B9CA-8C5C65EE5E91}.Release|Any CPU.Build.0 = Release|Any CPU
	EndGlobalSection
	GlobalSection(SolutionProperties) = preSolution
		HideSolutionNode = FALSE
	EndGlobalSection
EndGlobal
